// !$*UTF8*$!
{
	archiveVersion = 1;
	classes = {
	};
	objectVersion = 48;
	objects = {

/* Begin PBXBuildFile section */
		A04E04461FA35FDF00D4B1D1 /* SentimentPolarity.mlmodel in Sources */ = {isa = PBXBuildFile; fileRef = A04E04451FA35FDF00D4B1D1 /* SentimentPolarity.mlmodel */; };
		A04E04481FA3652100D4B1D1 /* ViewController+Helper.swift in Sources */ = {isa = PBXBuildFile; fileRef = A04E04471FA3652100D4B1D1 /* ViewController+Helper.swift */; };
		A0C9209C1F992E1600E3EFF3 /* AppDelegate.swift in Sources */ = {isa = PBXBuildFile; fileRef = A0C9209B1F992E1600E3EFF3 /* AppDelegate.swift */; };
		A0C9209E1F992E1600E3EFF3 /* ViewController.swift in Sources */ = {isa = PBXBuildFile; fileRef = A0C9209D1F992E1600E3EFF3 /* ViewController.swift */; };
		A0C920A11F992E1600E3EFF3 /* Main.storyboard in Resources */ = {isa = PBXBuildFile; fileRef = A0C9209F1F992E1600E3EFF3 /* Main.storyboard */; };
		A0C920A31F992E1600E3EFF3 /* Assets.xcassets in Resources */ = {isa = PBXBuildFile; fileRef = A0C920A21F992E1600E3EFF3 /* Assets.xcassets */; };
		A0C920A61F992E1600E3EFF3 /* LaunchScreen.storyboard in Resources */ = {isa = PBXBuildFile; fileRef = A0C920A41F992E1600E3EFF3 /* LaunchScreen.storyboard */; };
/* End PBXBuildFile section */

/* Begin PBXFileReference section */
		A04E04451FA35FDF00D4B1D1 /* SentimentPolarity.mlmodel */ = {isa = PBXFileReference; lastKnownFileType = file.mlmodel; path = SentimentPolarity.mlmodel; sourceTree = "<group>"; };
		A04E04471FA3652100D4B1D1 /* ViewController+Helper.swift */ = {isa = PBXFileReference; lastKnownFileType = sourcecode.swift; path = "ViewController+Helper.swift"; sourceTree = "<group>"; };
		A0C920981F992E1600E3EFF3 /* CoreMLTestApp.app */ = {isa = PBXFileReference; explicitFileType = wrapper.application; includeInIndex = 0; path = CoreMLTestApp.app; sourceTree = BUILT_PRODUCTS_DIR; };
		A0C9209B1F992E1600E3EFF3 /* AppDelegate.swift */ = {isa = PBXFileReference; lastKnownFileType = sourcecode.swift; path = AppDelegate.swift; sourceTree = "<group>"; };
		A0C9209D1F992E1600E3EFF3 /* ViewController.swift */ = {isa = PBXFileReference; lastKnownFileType = sourcecode.swift; path = ViewController.swift; sourceTree = "<group>"; };
		A0C920A01F992E1600E3EFF3 /* Base */ = {isa = PBXFileReference; lastKnownFileType = file.storyboard; name = Base; path = Base.lproj/Main.storyboard; sourceTree = "<group>"; };
		A0C920A21F992E1600E3EFF3 /* Assets.xcassets */ = {isa = PBXFileReference; lastKnownFileType = folder.assetcatalog; path = Assets.xcassets; sourceTree = "<group>"; };
		A0C920A51F992E1600E3EFF3 /* Base */ = {isa = PBXFileReference; lastKnownFileType = file.storyboard; name = Base; path = Base.lproj/LaunchScreen.storyboard; sourceTree = "<group>"; };
		A0C920A71F992E1600E3EFF3 /* Info.plist */ = {isa = PBXFileReference; lastKnownFileType = text.plist.xml; path = Info.plist; sourceTree = "<group>"; };
/* End PBXFileReference section */

/* Begin PBXFrameworksBuildPhase section */
		A0C920951F992E1600E3EFF3 /* Frameworks */ = {
			isa = PBXFrameworksBuildPhase;
			buildActionMask = 2147483647;
			files = (
			);
			runOnlyForDeploymentPostprocessing = 0;
		};
/* End PBXFrameworksBuildPhase section */

/* Begin PBXGroup section */
		A0C9208F1F992E1600E3EFF3 = {
			isa = PBXGroup;
			children = (
				A0C9209A1F992E1600E3EFF3 /* CoreMLTestApp */,
				A0C920991F992E1600E3EFF3 /* Products */,
			);
			sourceTree = "<group>";
		};
		A0C920991F992E1600E3EFF3 /* Products */ = {
			isa = PBXGroup;
			children = (
				A0C920981F992E1600E3EFF3 /* CoreMLTestApp.app */,
			);
			name = Products;
			sourceTree = "<group>";
		};
		A0C9209A1F992E1600E3EFF3 /* CoreMLTestApp */ = {
			isa = PBXGroup;
			children = (
				A0C9209B1F992E1600E3EFF3 /* AppDelegate.swift */,
				A0C9209D1F992E1600E3EFF3 /* ViewController.swift */,
				A04E04471FA3652100D4B1D1 /* ViewController+Helper.swift */,
				A0C9209F1F992E1600E3EFF3 /* Main.storyboard */,
				A0C920A21F992E1600E3EFF3 /* Assets.xcassets */,
				A0C920A41F992E1600E3EFF3 /* LaunchScreen.storyboard */,
				A0C920A71F992E1600E3EFF3 /* Info.plist */,
				A04E04451FA35FDF00D4B1D1 /* SentimentPolarity.mlmodel */,
			);
			path = CoreMLTestApp;
			sourceTree = "<group>";
		};
/* End PBXGroup section */

/* Begin PBXNativeTarget section */
		A0C920971F992E1600E3EFF3 /* CoreMLTestApp */ = {
			isa = PBXNativeTarget;
			buildConfigurationList = A0C920AA1F992E1600E3EFF3 /* Build configuration list for PBXNativeTarget "CoreMLTestApp" */;
			buildPhases = (
				A0C920941F992E1600E3EFF3 /* Sources */,
				A0C920951F992E1600E3EFF3 /* Frameworks */,
				A0C920961F992E1600E3EFF3 /* Resources */,
			);
			buildRules = (
			);
			dependencies = (
			);
			name = CoreMLTestApp;
			productName = CoreMLTestApp;
			productReference = A0C920981F992E1600E3EFF3 /* CoreMLTestApp.app */;
			productType = "com.apple.product-type.application";
		};
/* End PBXNativeTarget section */

/* Begin PBXProject section */
		A0C920901F992E1600E3EFF3 /* Project object */ = {
			isa = PBXProject;
			attributes = {
				LastSwiftUpdateCheck = 0900;
				LastUpgradeCheck = 0900;
				ORGANIZATIONNAME = "Swain Molster";
				TargetAttributes = {
					A0C920971F992E1600E3EFF3 = {
						CreatedOnToolsVersion = 9.0.1;
						ProvisioningStyle = Automatic;
					};
				};
			};
			buildConfigurationList = A0C920931F992E1600E3EFF3 /* Build configuration list for PBXProject "CoreMLTestApp" */;
			compatibilityVersion = "Xcode 8.0";
			developmentRegion = en;
			hasScannedForEncodings = 0;
			knownRegions = (
				en,
				Base,
			);
			mainGroup = A0C9208F1F992E1600E3EFF3;
			productRefGroup = A0C920991F992E1600E3EFF3 /* Products */;
			projectDirPath = "";
			projectRoot = "";
			targets = (
				A0C920971F992E1600E3EFF3 /* CoreMLTestApp */,
			);
		};
/* End PBXProject section */

/* Begin PBXResourcesBuildPhase section */
		A0C920961F992E1600E3EFF3 /* Resources */ = {
			isa = PBXResourcesBuildPhase;
			buildActionMask = 2147483647;
			files = (
				A0C920A61F992E1600E3EFF3 /* LaunchScreen.storyboard in Resources */,
				A0C920A31F992E1600E3EFF3 /* Assets.xcassets in Resources */,
				A0C920A11F992E1600E3EFF3 /* Main.storyboard in Resources */,
			);
			runOnlyForDeploymentPostprocessing = 0;
		};
/* End PBXResourcesBuildPhase section */

/* Begin PBXSourcesBuildPhase section */
		A0C920941F992E1600E3EFF3 /* Sources */ = {
			isa = PBXSourcesBuildPhase;
			buildActionMask = 2147483647;
			files = (
				A04E04481FA3652100D4B1D1 /* ViewController+Helper.swift in Sources */,
				A04E04461FA35FDF00D4B1D1 /* SentimentPolarity.mlmodel in Sources */,
				A0C9209E1F992E1600E3EFF3 /* ViewController.swift in Sources */,
				A0C9209C1F992E1600E3EFF3 /* AppDelegate.swift in Sources */,
			);
			runOnlyForDeploymentPostprocessing = 0;
		};
/* End PBXSourcesBuildPhase section */

/* Begin PBXVariantGroup section */
		A0C9209F1F992E1600E3EFF3 /* Main.storyboard */ = {
			isa = PBXVariantGroup;
			children = (
				A0C920A01F992E1600E3EFF3 /* Base */,
			);
			name = Main.storyboard;
			sourceTree = "<group>";
		};
		A0C920A41F992E1600E3EFF3 /* LaunchScreen.storyboard */ = {
			isa = PBXVariantGroup;
			children = (
				A0C920A51F992E1600E3EFF3 /* Base */,
			);
			name = LaunchScreen.storyboard;
			sourceTree = "<group>";
		};
/* End PBXVariantGroup section */

/* Begin XCBuildConfiguration section */
		A0C920A81F992E1600E3EFF3 /* Debug */ = {
			isa = XCBuildConfiguration;
			buildSettings = {
				ALWAYS_SEARCH_USER_PATHS = NO;
				CLANG_ANALYZER_NONNULL = YES;
				CLANG_ANALYZER_NUMBER_OBJECT_CONVERSION = YES_AGGRESSIVE;
				CLANG_CXX_LANGUAGE_STANDARD = "gnu++14";
				CLANG_CXX_LIBRARY = "libc++";
				CLANG_ENABLE_MODULES = YES;
				CLANG_ENABLE_OBJC_ARC = YES;
				CLANG_WARN_BLOCK_CAPTURE_AUTORELEASING = YES;
				CLANG_WARN_BOOL_CONVERSION = YES;
				CLANG_WARN_COMMA = YES;
				CLANG_WARN_CONSTANT_CONVERSION = YES;
				CLANG_WARN_DIRECT_OBJC_ISA_USAGE = YES_ERROR;
				CLANG_WARN_DOCUMENTATION_COMMENTS = YES;
				CLANG_WARN_EMPTY_BODY = YES;
				CLANG_WARN_ENUM_CONVERSION = YES;
				CLANG_WARN_INFINITE_RECURSION = YES;
				CLANG_WARN_INT_CONVERSION = YES;
				CLANG_WARN_NON_LITERAL_NULL_CONVERSION = YES;
				CLANG_WARN_OBJC_LITERAL_CONVERSION = YES;
				CLANG_WARN_OBJC_ROOT_CLASS = YES_ERROR;
				CLANG_WARN_RANGE_LOOP_ANALYSIS = YES;
				CLANG_WARN_STRICT_PROTOTYPES = YES;
				CLANG_WARN_SUSPICIOUS_MOVE = YES;
				CLANG_WARN_UNGUARDED_AVAILABILITY = YES_AGGRESSIVE;
				CLANG_WARN_UNREACHABLE_CODE = YES;
				CLANG_WARN__DUPLICATE_METHOD_MATCH = YES;
				CODE_SIGN_IDENTITY = "iPhone Developer";
				COPY_PHASE_STRIP = NO;
				DEBUG_INFORMATION_FORMAT = dwarf;
				ENABLE_STRICT_OBJC_MSGSEND = YES;
				ENABLE_TESTABILITY = YES;
				GCC_C_LANGUAGE_STANDARD = gnu11;
				GCC_DYNAMIC_NO_PIC = NO;
				GCC_NO_COMMON_BLOCKS = YES;
				GCC_OPTIMIZATION_LEVEL = 0;
				GCC_PREPROCESSOR_DEFINITIONS = (
					"DEBUG=1",
					"$(inherited)",
				);
				GCC_WARN_64_TO_32_BIT_CONVERSION = YES;
				GCC_WARN_ABOUT_RETURN_TYPE = YES_ERROR;
				GCC_WARN_UNDECLARED_SELECTOR = YES;
				GCC_WARN_UNINITIALIZED_AUTOS = YES_AGGRESSIVE;
				GCC_WARN_UNUSED_FUNCTION = YES;
				GCC_WARN_UNUSED_VARIABLE = YES;
				IPHONEOS_DEPLOYMENT_TARGET = 11.0;
				MTL_ENABLE_DEBUG_INFO = YES;
				ONLY_ACTIVE_ARCH = YES;
				SDKROOT = iphoneos;
				SWIFT_ACTIVE_COMPILATION_CONDITIONS = DEBUG;
				SWIFT_OPTIMIZATION_LEVEL = "-Onone";
			};
			name = Debug;
		};
		A0C920A91F992E1600E3EFF3 /* Release */ = {
			isa = XCBuildConfiguration;
			buildSettings = {
				ALWAYS_SEARCH_USER_PATHS = NO;
				CLANG_ANALYZER_NONNULL = YES;
				CLANG_ANALYZER_NUMBER_OBJECT_CONVERSION = YES_AGGRESSIVE;
				CLANG_CXX_LANGUAGE_STANDARD = "gnu++14";
				CLANG_CXX_LIBRARY = "libc++";
				CLANG_ENABLE_MODULES = YES;
				CLANG_ENABLE_OBJC_ARC = YES;
				CLANG_WARN_BLOCK_CAPTURE_AUTORELEASING = YES;
				CLANG_WARN_BOOL_CONVERSION = YES;
				CLANG_WARN_COMMA = YES;
				CLANG_WARN_CONSTANT_CONVERSION = YES;
				CLANG_WARN_DIRECT_OBJC_ISA_USAGE = YES_ERROR;
				CLANG_WARN_DOCUMENTATION_COMMENTS = YES;
				CLANG_WARN_EMPTY_BODY = YES;
				CLANG_WARN_ENUM_CONVERSION = YES;
				CLANG_WARN_INFINITE_RECURSION = YES;
				CLANG_WARN_INT_CONVERSION = YES;
				CLANG_WARN_NON_LITERAL_NULL_CONVERSION = YES;
				CLANG_WARN_OBJC_LITERAL_CONVERSION = YES;
				CLANG_WARN_OBJC_ROOT_CLASS = YES_ERROR;
				CLANG_WARN_RANGE_LOOP_ANALYSIS = YES;
				CLANG_WARN_STRICT_PROTOTYPES = YES;
				CLANG_WARN_SUSPICIOUS_MOVE = YES;
				CLANG_WARN_UNGUARDED_AVAILABILITY = YES_AGGRESSIVE;
				CLANG_WARN_UNREACHABLE_CODE = YES;
				CLANG_WARN__DUPLICATE_METHOD_MATCH = YES;
				CODE_SIGN_IDENTITY = "iPhone Developer";
				COPY_PHASE_STRIP = NO;
				DEBUG_INFORMATION_FORMAT = "dwarf-with-dsym";
				ENABLE_NS_ASSERTIONS = NO;
				ENABLE_STRICT_OBJC_MSGSEND = YES;
				GCC_C_LANGUAGE_STANDARD = gnu11;
				GCC_NO_COMMON_BLOCKS = YES;
				GCC_WARN_64_TO_32_BIT_CONVERSION = YES;
				GCC_WARN_ABOUT_RETURN_TYPE = YES_ERROR;
				GCC_WARN_UNDECLARED_SELECTOR = YES;
				GCC_WARN_UNINITIALIZED_AUTOS = YES_AGGRESSIVE;
				GCC_WARN_UNUSED_FUNCTION = YES;
				GCC_WARN_UNUSED_VARIABLE = YES;
				IPHONEOS_DEPLOYMENT_TARGET = 11.0;
				MTL_ENABLE_DEBUG_INFO = NO;
				SDKROOT = iphoneos;
				SWIFT_OPTIMIZATION_LEVEL = "-Owholemodule";
				VALIDATE_PRODUCT = YES;
			};
			name = Release;
		};
		A0C920AB1F992E1600E3EFF3 /* Debug */ = {
			isa = XCBuildConfiguration;
			buildSettings = {
				ASSETCATALOG_COMPILER_APPICON_NAME = AppIcon;
				CODE_SIGN_STYLE = Automatic;
				DEVELOPMENT_TEAM = 39TR9YNAJ4;
				INFOPLIST_FILE = CoreMLTestApp/Info.plist;
				IPHONEOS_DEPLOYMENT_TARGET = 11.0;
				LD_RUNPATH_SEARCH_PATHS = "$(inherited) @executable_path/Frameworks";
				PRODUCT_BUNDLE_IDENTIFIER = com.smolster.CoreMLTestApp;
				PRODUCT_NAME = "$(TARGET_NAME)";
				SWIFT_VERSION = 4.0;
				TARGETED_DEVICE_FAMILY = "1,2";
			};
			name = Debug;
		};
		A0C920AC1F992E1600E3EFF3 /* Release */ = {
			isa = XCBuildConfiguration;
			buildSettings = {
				ASSETCATALOG_COMPILER_APPICON_NAME = AppIcon;
				CODE_SIGN_STYLE = Automatic;
				DEVELOPMENT_TEAM = 39TR9YNAJ4;
				INFOPLIST_FILE = CoreMLTestApp/Info.plist;
				IPHONEOS_DEPLOYMENT_TARGET = 11.0;
				LD_RUNPATH_SEARCH_PATHS = "$(inherited) @executable_path/Frameworks";
				PRODUCT_BUNDLE_IDENTIFIER = com.smolster.CoreMLTestApp;
				PRODUCT_NAME = "$(TARGET_NAME)";
				SWIFT_VERSION = 4.0;
				TARGETED_DEVICE_FAMILY = "1,2";
			};
			name = Release;
		};
/* End XCBuildConfiguration section */

/* Begin XCConfigurationList section */
		A0C920931F992E1600E3EFF3 /* Build configuration list for PBXProject "CoreMLTestApp" */ = {
			isa = XCConfigurationList;
			buildConfigurations = (
				A0C920A81F992E1600E3EFF3 /* Debug */,
				A0C920A91F992E1600E3EFF3 /* Release */,
			);
			defaultConfigurationIsVisible = 0;
			defaultConfigurationName = Release;
		};
		A0C920AA1F992E1600E3EFF3 /* Build configuration list for PBXNativeTarget "CoreMLTestApp" */ = {
			isa = XCConfigurationList;
			buildConfigurations = (
				A0C920AB1F992E1600E3EFF3 /* Debug */,
				A0C920AC1F992E1600E3EFF3 /* Release */,
			);
			defaultConfigurationIsVisible = 0;
			defaultConfigurationName = Release;
		};
/* End XCConfigurationList section */
	};
	rootObject = A0C920901F992E1600E3EFF3 /* Project object */;
}
